{
  "name": "gitbook-plugin-tableau",
  "version": "2.0.0",
  "lockfileVersion": 1,
  "dependencies": {
    "gitbook-plugin": {
      "version": "0.0.2",
      "resolved": "https://registry.npmjs.org/gitbook-plugin/-/gitbook-plugin-0.0.2.tgz",
      "integrity": "sha1-mFRkxg08nVxKL6mQFJz+h5Y13y8=",
      "dev": true
    }
  }
}
